
Microsoft Visual Studio Solution File, Format Version 12.00
# Visual Studio Version 16
VisualStudioVersion = 16.0.30611.23
MinimumVisualStudioVersion = 10.0.40219.1
Project("{8BC9CEB8-8B4A-11D0-8D11-00A0C91BC942}") = "Coursework", "Coursework.vcxproj", "{58534D54-3D94-4984-9669-AFA29B2D2DFF}"
EndProject
Global
	GlobalSection(SolutionConfigurationPlatforms) = preSolution
		Debug|x64 = Debug|x64
		Debug|x86 = Debug|x86
		Release|x64 = Release|x64
		Release|x86 = Release|x86
	EndGlobalSection
	GlobalSection(ProjectConfigurationPlatforms) = postSolution
		{58534D54-3D94-4984-9669-AFA29B2D2DFF}.Debug|x64.ActiveCfg = Debug|x64
		{58534D54-3D94-4984-9669-AFA29B2D2DFF}.Debug|x64.Build.0 = Debug|x64
		{58534D54-3D94-4984-9669-AFA29B2D2DFF}.Debug|x86.ActiveCfg = Debug|Win32
		{58534D54-3D94-4984-9669-AFA29B2D2DFF}.Debug|x86.Build.0 = Debug|Win32
		{58534D54-3D94-4984-9669-AFA29B2D2DFF}.Release|x64.ActiveCfg = Release|x64
		{58534D54-3D94-4984-9669-AFA29B2D2DFF}.Release|x64.Build.0 = Release|x64
		{58534D54-3D94-4984-9669-AFA29B2D2DFF}.Release|x86.ActiveCfg = Release|Win32
		{58534D54-3D94-4984-9669-AFA29B2D2DFF}.Release|x86.Build.0 = Release|Win32
	EndGlobalSection
	GlobalSection(SolutionProperties) = preSolution
		HideSolutionNode = FALSE
	EndGlobalSection
	GlobalSection(ExtensibilityGlobals) = postSolution
		SolutionGuid = {215F1508-763E-492E-B5D3-76D1D73B5599}
	EndGlobalSection
EndGlobal
